# THIS IS AN AUTOGENERATED FILE. DO NOT EDIT THIS FILE DIRECTLY.
# yarn lockfile v1


"@types/anymatch@*":
  version "1.3.1"
  resolved "https://npm.corp.kuaishou.com/@types%2fanymatch/-/anymatch-1.3.1.tgz#336badc1beecb9dacc38bea2cf32adf627a8421a"
  integrity sha1-M2utwb7sudrMOL6izzKt9ieoQho=

"@types/color-name@^1.1.1":
  version "1.1.1"
  resolved "https://npm.corp.kuaishou.com/@types%2fcolor-name/-/color-name-1.1.1.tgz#1c1261bbeaa10a8055bbc5d8ab84b7b2afc846a0"
  integrity sha1-HBJhu+qhCoBVu8XYq4S3sq/IRqA=

"@types/json-schema@^7.0.4":
  version "7.0.5"
  resolved "https://npm.corp.kuaishou.com/@types%2fjson-schema/-/json-schema-7.0.5.tgz#dcce4430e64b443ba8945f0290fb564ad5bac6dd"
  integrity sha1-3M5EMOZLRDuolF8CkPtWStW6xt0=

"@types/mini-css-extract-plugin@^0.9.1":
  version "0.9.1"
  resolved "https://npm.corp.kuaishou.com/@types%2fmini-css-extract-plugin/-/mini-css-extract-plugin-0.9.1.tgz#d4bdde5197326fca039d418f4bdda03dc74dc451"
  integrity sha1-1L3eUZcyb8oDnUGPS92gPcdNxFE=
  dependencies:
    "@types/webpack" "*"

"@types/node@*":
  version "14.6.0"
  resolved "https://npm.corp.kuaishou.com/@types%2fnode/-/node-14.6.0.tgz#7d4411bf5157339337d7cff864d9ff45f177b499"
  integrity sha1-fUQRv1FXM5M318/4ZNn/RfF3tJk=

"@types/source-list-map@*":
  version "0.1.2"
  resolved "https://npm.corp.kuaishou.com/@types%2fsource-list-map/-/source-list-map-0.1.2.tgz#0078836063ffaf17412349bba364087e0ac02ec9"
  integrity sha1-AHiDYGP/rxdBI0m7o2QIfgrALsk=

"@types/tapable@*":
  version "1.0.6"
  resolved "https://npm.corp.kuaishou.com/@types%2ftapable/-/tapable-1.0.6.tgz#a9ca4b70a18b270ccb2bc0aaafefd1d486b7ea74"
  integrity sha1-qcpLcKGLJwzLK8Cqr+/R1Ia36nQ=

"@types/uglify-js@*":
  version "3.9.3"
  resolved "https://npm.corp.kuaishou.com/@types%2fuglify-js/-/uglify-js-3.9.3.tgz#d94ed608e295bc5424c9600e6b8565407b6b4b6b"
  integrity sha1-2U7WCOKVvFQkyWAOa4VlQHtrS2s=
  dependencies:
    source-map "^0.6.1"

"@types/webpack-sources@*":
  version "1.4.2"
  resolved "https://npm.corp.kuaishou.com/@types%2fwebpack-sources/-/webpack-sources-1.4.2.tgz#5d3d4dea04008a779a90135ff96fb5c0c9e6292c"
  integrity sha1-XT1N6gQAineakBNf+W+1wMnmKSw=
  dependencies:
    "@types/node" "*"
    "@types/source-list-map" "*"
    source-map "^0.7.3"

"@types/webpack@*":
  version "4.41.21"
  resolved "https://npm.corp.kuaishou.com/@types%2fwebpack/-/webpack-4.41.21.tgz#cc685b332c33f153bb2f5fc1fa3ac8adeb592dee"
  integrity sha1-zGhbMywz8VO7L1/B+jrIretZLe4=
  dependencies:
    "@types/anymatch" "*"
    "@types/node" "*"
    "@types/tapable" "*"
    "@types/uglify-js" "*"
    "@types/webpack-sources" "*"
    source-map "^0.6.0"

ajv-keywords@^3.4.1:
  version "3.5.0"
  resolved "https://npm.corp.kuaishou.com/ajv-keywords/-/ajv-keywords-3.5.0.tgz#5c894537098785926d71e696114a53ce768ed773"
  integrity sha1-XIlFNwmHhZJtceaWEUpTznaO13M=

ajv@^6.12.2:
  version "6.12.2"
  resolved "https://npm.corp.kuaishou.com/ajv/-/ajv-6.12.2.tgz#c629c5eced17baf314437918d2da88c99d5958cd"
  integrity sha1-xinF7O0XuvMUQ3kY0tqIyZ1ZWM0=
  dependencies:
    fast-deep-equal "^3.1.1"
    fast-json-stable-stringify "^2.0.0"
    json-schema-traverse "^0.4.1"
    uri-js "^4.2.2"

ansi-styles@^3.2.1:
  version "3.2.1"
  resolved "https://npm.corp.kuaishou.com/ansi-styles/-/ansi-styles-3.2.1.tgz#41fbb20243e50b12be0f04b8dedbf07520ce841d"
  integrity sha1-QfuyAkPlCxK+DwS43tvwdSDOhB0=
  dependencies:
    color-convert "^1.9.0"

ansi-styles@^4.1.0:
  version "4.2.1"
  resolved "https://npm.corp.kuaishou.com/ansi-styles/-/ansi-styles-4.2.1.tgz#90ae75c424d008d2624c5bf29ead3177ebfcf359"
  integrity sha1-kK51xCTQCNJiTFvynq0xd+v881k=
  dependencies:
    "@types/color-name" "^1.1.1"
    color-convert "^2.0.1"

big.js@^5.2.2:
  version "5.2.2"
  resolved "https://npm.corp.kuaishou.com/big.js/-/big.js-5.2.2.tgz#65f0af382f578bcdc742bd9c281e9cb2d7768328"
  integrity sha1-ZfCvOC9Xi83HQr2cKB6cstd2gyg=

camelcase@^6.0.0:
  version "6.0.0"
  resolved "https://npm.corp.kuaishou.com/camelcase/-/camelcase-6.0.0.tgz#5259f7c30e35e278f1bdc2a4d91230b37cad981e"
  integrity sha1-Uln3ww414njxvcKk2RIws3ytmB4=

chalk@^2.4.2:
  version "2.4.2"
  resolved "https://npm.corp.kuaishou.com/chalk/-/chalk-2.4.2.tgz#cd42541677a54333cf541a49108c1432b44c9424"
  integrity sha1-zUJUFnelQzPPVBpJEIwUMrRMlCQ=
  dependencies:
    ansi-styles "^3.2.1"
    escape-string-regexp "^1.0.5"
    supports-color "^5.3.0"

chalk@^3.0.0:
  version "3.0.0"
  resolved "https://npm.corp.kuaishou.com/chalk/-/chalk-3.0.0.tgz#3f73c2bf526591f574cc492c51e2456349f844e4"
  integrity sha1-P3PCv1JlkfV0zEksUeJFY0n4ROQ=
  dependencies:
    ansi-styles "^4.1.0"
    supports-color "^7.1.0"

clone@^2.1.2:
  version "2.1.2"
  resolved "https://npm.corp.kuaishou.com/clone/-/clone-2.1.2.tgz#1b7f4b9f591f1e8f83670401600345a02887435f"
  integrity sha1-G39Ln1kfHo+DZwQBYANFoCiHQ18=

color-convert@^1.9.0:
  version "1.9.3"
  resolved "https://npm.corp.kuaishou.com/color-convert/-/color-convert-1.9.3.tgz#bb71850690e1f136567de629d2d5471deda4c1e8"
  integrity sha1-u3GFBpDh8TZWfeYp0tVHHe2kweg=
  dependencies:
    color-name "1.1.3"

color-convert@^2.0.1:
  version "2.0.1"
  resolved "https://npm.corp.kuaishou.com/color-convert/-/color-convert-2.0.1.tgz#72d3a68d598c9bdb3af2ad1e84f21d896abd4de3"
  integrity sha1-ctOmjVmMm9s68q0ehPIdiWq9TeM=
  dependencies:
    color-name "~1.1.4"

color-name@1.1.3:
  version "1.1.3"
  resolved "https://npm.corp.kuaishou.com/color-name/-/color-name-1.1.3.tgz#a7d0558bd89c42f795dd42328f740831ca53bc25"
  integrity sha1-p9BVi9icQveV3UIyj3QIMcpTvCU=

color-name@~1.1.4:
  version "1.1.4"
  resolved "https://npm.corp.kuaishou.com/color-name/-/color-name-1.1.4.tgz#c2a09a87acbde69543de6f63fa3995c826c536a2"
  integrity sha1-wqCah6y95pVD3m9j+jmVyCbFNqI=

css-loader@^4.2.0:
  version "4.2.0"
  resolved "https://npm.corp.kuaishou.com/css-loader/-/css-loader-4.2.0.tgz#b57efb92ac8f0cd85bf92d89df9634ef1f51b8bf"
  integrity sha1-tX77kqyPDNhb+S2J35Y07x9RuL8=
  dependencies:
    camelcase "^6.0.0"
    cssesc "^3.0.0"
    icss-utils "^4.1.1"
    loader-utils "^2.0.0"
    normalize-path "^3.0.0"
    postcss "^7.0.32"
    postcss-modules-extract-imports "^2.0.0"
    postcss-modules-local-by-default "^3.0.3"
    postcss-modules-scope "^2.2.0"
    postcss-modules-values "^3.0.0"
    postcss-value-parser "^4.1.0"
    schema-utils "^2.7.0"
    semver "^7.3.2"

cssesc@^3.0.0:
  version "3.0.0"
  resolved "https://npm.corp.kuaishou.com/cssesc/-/cssesc-3.0.0.tgz#37741919903b868565e1c09ea747445cd18983ee"
  integrity sha1-N3QZGZA7hoVl4cCep0dEXNGJg+4=

define-properties@^1.1.2, define-properties@^1.1.3:
  version "1.1.3"
  resolved "https://npm.corp.kuaishou.com/define-properties/-/define-properties-1.1.3.tgz#cf88da6cbee26fe6db7094f61d870cbd84cee9f1"
  integrity sha1-z4jabL7ib+bbcJT2HYcMvYTO6fE=
  dependencies:
    object-keys "^1.0.12"

emojis-list@^3.0.0:
  version "3.0.0"
  resolved "https://npm.corp.kuaishou.com/emojis-list/-/emojis-list-3.0.0.tgz#5570662046ad29e2e916e71aae260abdff4f6a78"
  integrity sha1-VXBmIEatKeLpFucariYKvf9Pang=

errno@^0.1.1:
  version "0.1.7"
  resolved "https://npm.corp.kuaishou.com/errno/-/errno-0.1.7.tgz#4684d71779ad39af177e3f007996f7c67c852618"
  integrity sha1-RoTXF3mtOa8Xfj8AeZb3xnyFJhg=
  dependencies:
    prr "~1.0.1"

es-abstract@^1.17.5:
  version "1.17.6"
  resolved "https://npm.corp.kuaishou.com/es-abstract/-/es-abstract-1.17.6.tgz#9142071707857b2cacc7b89ecb670316c3e2d52a"
  integrity sha1-kUIHFweFeyysx7iey2cDFsPi1So=
  dependencies:
    es-to-primitive "^1.2.1"
    function-bind "^1.1.1"
    has "^1.0.3"
    has-symbols "^1.0.1"
    is-callable "^1.2.0"
    is-regex "^1.1.0"
    object-inspect "^1.7.0"
    object-keys "^1.1.1"
    object.assign "^4.1.0"
    string.prototype.trimend "^1.0.1"
    string.prototype.trimstart "^1.0.1"

es-to-primitive@^1.2.1:
  version "1.2.1"
  resolved "https://npm.corp.kuaishou.com/es-to-primitive/-/es-to-primitive-1.2.1.tgz#e55cd4c9cdc188bcefb03b366c736323fc5c898a"
  integrity sha1-5VzUyc3BiLzvsDs2bHNjI/xciYo=
  dependencies:
    is-callable "^1.1.4"
    is-date-object "^1.0.1"
    is-symbol "^1.0.2"

escape-string-regexp@^1.0.5:
  version "1.0.5"
  resolved "https://npm.corp.kuaishou.com/escape-string-regexp/-/escape-string-regexp-1.0.5.tgz#1b61c0562190a8dff6ae3bb2cf0200ca130b86d4"
  integrity sha1-G2HAViGQqN/2rjuyzwIAyhMLhtQ=

fast-deep-equal@^3.1.1:
  version "3.1.3"
  resolved "https://npm.corp.kuaishou.com/fast-deep-equal/-/fast-deep-equal-3.1.3.tgz#3a7d56b559d6cbc3eb512325244e619a65c6c525"
  integrity sha1-On1WtVnWy8PrUSMlJE5hmmXGxSU=

fast-json-stable-stringify@^2.0.0:
  version "2.1.0"
  resolved "https://npm.corp.kuaishou.com/fast-json-stable-stringify/-/fast-json-stable-stringify-2.1.0.tgz#874bf69c6f404c2b5d99c481341399fd55892633"
  integrity sha1-h0v2nG9ATCtdmcSBNBOZ/VWJJjM=

function-bind@^1.1.1:
  version "1.1.1"
  resolved "https://npm.corp.kuaishou.com/function-bind/-/function-bind-1.1.1.tgz#a56899d3ea3c9bab874bb9773b7c5ede92f4895d"
  integrity sha1-pWiZ0+o8m6uHS7l3O3xe3pL0iV0=

graceful-fs@^4.1.2:
  version "4.2.4"
  resolved "https://npm.corp.kuaishou.com/graceful-fs/-/graceful-fs-4.2.4.tgz#2256bde14d3632958c465ebc96dc467ca07a29fb"
  integrity sha1-Ila94U02MpWMRl68ltxGfKB6Kfs=

has-flag@^3.0.0:
  version "3.0.0"
  resolved "https://npm.corp.kuaishou.com/has-flag/-/has-flag-3.0.0.tgz#b5d454dc2199ae225699f3467e5a07f3b955bafd"
  integrity sha1-tdRU3CGZriJWmfNGfloH87lVuv0=

has-flag@^4.0.0:
  version "4.0.0"
  resolved "https://npm.corp.kuaishou.com/has-flag/-/has-flag-4.0.0.tgz#944771fd9c81c81265c4d6941860da06bb59479b"
  integrity sha1-lEdx/ZyByBJlxNaUGGDaBrtZR5s=

has-symbols@^1.0.0, has-symbols@^1.0.1:
  version "1.0.1"
  resolved "https://npm.corp.kuaishou.com/has-symbols/-/has-symbols-1.0.1.tgz#9f5214758a44196c406d9bd76cebf81ec2dd31e8"
  integrity sha1-n1IUdYpEGWxAbZvXbOv4HsLdMeg=

has@^1.0.3:
  version "1.0.3"
  resolved "https://npm.corp.kuaishou.com/has/-/has-1.0.3.tgz#722d7cbfc1f6aa8241f16dd814e011e1f41e8796"
  integrity sha1-ci18v8H2qoJB8W3YFOAR4fQeh5Y=
  dependencies:
    function-bind "^1.1.1"

hash-sum@^2.0.0:
  version "2.0.0"
  resolved "https://npm.corp.kuaishou.com/hash-sum/-/hash-sum-2.0.0.tgz#81d01bb5de8ea4a214ad5d6ead1b523460b0b45a"
  integrity sha1-gdAbtd6OpKIUrV1urRtSNGCwtFo=

icss-utils@^4.0.0, icss-utils@^4.1.1:
  version "4.1.1"
  resolved "https://npm.corp.kuaishou.com/icss-utils/-/icss-utils-4.1.1.tgz#21170b53789ee27447c2f47dd683081403f9a467"
  integrity sha1-IRcLU3ie4nRHwvR91oMIFAP5pGc=
  dependencies:
    postcss "^7.0.14"

image-size@~0.5.0:
  version "0.5.5"
  resolved "https://npm.corp.kuaishou.com/image-size/-/image-size-0.5.5.tgz#09dfd4ab9d20e29eb1c3e80b8990378df9e3cb9c"
  integrity sha1-Cd/Uq50g4p6xw+gLiZA3jfnjy5w=

indexes-of@^1.0.1:
  version "1.0.1"
  resolved "https://npm.corp.kuaishou.com/indexes-of/-/indexes-of-1.0.1.tgz#f30f716c8e2bd346c7b67d3df3915566a7c05607"
  integrity sha1-8w9xbI4r00bHtn0985FVZqfAVgc=

is-callable@^1.1.4, is-callable@^1.2.0:
  version "1.2.0"
  resolved "https://npm.corp.kuaishou.com/is-callable/-/is-callable-1.2.0.tgz#83336560b54a38e35e3a2df7afd0454d691468bb"
  integrity sha1-gzNlYLVKOONeOi33r9BFTWkUaLs=

is-date-object@^1.0.1:
  version "1.0.2"
  resolved "https://npm.corp.kuaishou.com/is-date-object/-/is-date-object-1.0.2.tgz#bda736f2cd8fd06d32844e7743bfa7494c3bfd7e"
  integrity sha1-vac28s2P0G0yhE53Q7+nSUw7/X4=

is-regex@^1.1.0:
  version "1.1.0"
  resolved "https://npm.corp.kuaishou.com/is-regex/-/is-regex-1.1.0.tgz#ece38e389e490df0dc21caea2bd596f987f767ff"
  integrity sha1-7OOOOJ5JDfDcIcrqK9WW+Yf3Z/8=
  dependencies:
    has-symbols "^1.0.1"

is-symbol@^1.0.2:
  version "1.0.3"
  resolved "https://npm.corp.kuaishou.com/is-symbol/-/is-symbol-1.0.3.tgz#38e1014b9e6329be0de9d24a414fd7441ec61937"
  integrity sha1-OOEBS55jKb4N6dJKQU/XRB7GGTc=
  dependencies:
    has-symbols "^1.0.1"

json-schema-traverse@^0.4.1:
  version "0.4.1"
  resolved "https://npm.corp.kuaishou.com/json-schema-traverse/-/json-schema-traverse-0.4.1.tgz#69f6a87d9513ab8bb8fe63bdb0979c448e684660"
  integrity sha1-afaofZUTq4u4/mO9sJecRI5oRmA=

json5@^1.0.1:
  version "1.0.1"
  resolved "https://npm.corp.kuaishou.com/json5/-/json5-1.0.1.tgz#779fb0018604fa854eacbf6252180d83543e3dbe"
  integrity sha1-d5+wAYYE+oVOrL9iUhgNg1Q+Pb4=
  dependencies:
    minimist "^1.2.0"

json5@^2.1.2:
  version "2.1.3"
  resolved "https://npm.corp.kuaishou.com/json5/-/json5-2.1.3.tgz#c9b0f7fa9233bfe5807fe66fcf3a5617ed597d43"
  integrity sha1-ybD3+pIzv+WAf+ZvzzpWF+1ZfUM=
  dependencies:
    minimist "^1.2.5"

less-loader@^6.2.0:
  version "6.2.0"
  resolved "https://npm.corp.kuaishou.com/less-loader/-/less-loader-6.2.0.tgz#8b26f621c155b342eefc24f5bd6e9dc40c42a719"
  integrity sha1-iyb2IcFVs0Lu/CT1vW6dxAxCpxk=
  dependencies:
    clone "^2.1.2"
    less "^3.11.3"
    loader-utils "^2.0.0"
    schema-utils "^2.7.0"

less@^3.11.3, less@^3.12.2:
  version "3.12.2"
  resolved "https://npm.corp.kuaishou.com/less/-/less-3.12.2.tgz#157e6dd32a68869df8859314ad38e70211af3ab4"
  integrity sha1-FX5t0ypohp34hZMUrTjnAhGvOrQ=
  dependencies:
    tslib "^1.10.0"
  optionalDependencies:
    errno "^0.1.1"
    graceful-fs "^4.1.2"
    image-size "~0.5.0"
    make-dir "^2.1.0"
    mime "^1.4.1"
    native-request "^1.0.5"
    source-map "~0.6.0"

loader-utils@^1.2.3:
  version "1.4.0"
  resolved "https://npm.corp.kuaishou.com/loader-utils/-/loader-utils-1.4.0.tgz#c579b5e34cb34b1a74edc6c1fb36bfa371d5a613"
  integrity sha1-xXm140yzSxp07cbB+za/o3HVphM=
  dependencies:
    big.js "^5.2.2"
    emojis-list "^3.0.0"
    json5 "^1.0.1"

loader-utils@^2.0.0:
  version "2.0.0"
  resolved "https://npm.corp.kuaishou.com/loader-utils/-/loader-utils-2.0.0.tgz#e4cace5b816d425a166b5f097e10cd12b36064b0"
  integrity sha1-5MrOW4FtQloWa18JfhDNErNgZLA=
  dependencies:
    big.js "^5.2.2"
    emojis-list "^3.0.0"
    json5 "^2.1.2"

make-dir@^2.1.0:
  version "2.1.0"
  resolved "https://npm.corp.kuaishou.com/make-dir/-/make-dir-2.1.0.tgz#5f0310e18b8be898cc07009295a30ae41e91e6f5"
  integrity sha1-XwMQ4YuL6JjMBwCSlaMK5B6R5vU=
  dependencies:
    pify "^4.0.1"
    semver "^5.6.0"

merge-source-map@^1.1.0:
  version "1.1.0"
  resolved "https://npm.corp.kuaishou.com/merge-source-map/-/merge-source-map-1.1.0.tgz#2fdde7e6020939f70906a68f2d7ae685e4c8c646"
  integrity sha1-L93n5gIJOfcJBqaPLXrmheTIxkY=
  dependencies:
    source-map "^0.6.1"

mime@^1.4.1:
  version "1.6.0"
  resolved "https://npm.corp.kuaishou.com/mime/-/mime-1.6.0.tgz#32cd9e5c64553bd58d19a568af452acff04981b1"
  integrity sha1-Ms2eXGRVO9WNGaVor0Uqz/BJgbE=

minimist@^1.2.0, minimist@^1.2.5:
  version "1.2.5"
  resolved "https://npm.corp.kuaishou.com/minimist/-/minimist-1.2.5.tgz#67d66014b66a6a8aaa0c083c5fd58df4e4e97602"
  integrity sha1-Z9ZgFLZqaoqqDAg8X9WN9OTpdgI=

moment@^2.29.1:
  version "2.29.1"
  resolved "https://npm.corp.kuaishou.com/moment/-/moment-2.29.1.tgz#b2be769fa31940be9eeea6469c075e35006fa3d3"
  integrity sha1-sr52n6MZQL6e7qZGnAdeNQBvo9M=

native-request@^1.0.5:
  version "1.0.7"
  resolved "https://npm.corp.kuaishou.com/native-request/-/native-request-1.0.7.tgz#ff742dc555b4c8f2f1c14b548639ba174e573856"
  integrity sha1-/3QtxVW0yPLxwUtUhjm6F05XOFY=

normalize-path@^3.0.0:
  version "3.0.0"
  resolved "https://npm.corp.kuaishou.com/normalize-path/-/normalize-path-3.0.0.tgz#0dcd69ff23a1c9b11fd0978316644a0388216a65"
  integrity sha1-Dc1p/yOhybEf0JeDFmRKA4ghamU=

object-inspect@^1.7.0:
  version "1.8.0"
  resolved "https://npm.corp.kuaishou.com/object-inspect/-/object-inspect-1.8.0.tgz#df807e5ecf53a609cc6bfe93eac3cc7be5b3a9d0"
  integrity sha1-34B+Xs9TpgnMa/6T6sPMe+WzqdA=

object-is@^1.1.2:
  version "1.1.2"
  resolved "https://npm.corp.kuaishou.com/object-is/-/object-is-1.1.2.tgz#c5d2e87ff9e119f78b7a088441519e2eec1573b6"
  integrity sha1-xdLof/nhGfeLegiEQVGeLuwVc7Y=
  dependencies:
    define-properties "^1.1.3"
    es-abstract "^1.17.5"

object-keys@^1.0.11, object-keys@^1.0.12, object-keys@^1.1.1:
  version "1.1.1"
  resolved "https://npm.corp.kuaishou.com/object-keys/-/object-keys-1.1.1.tgz#1c47f272df277f3b1daf061677d9c82e2322c60e"
  integrity sha1-HEfyct8nfzsdrwYWd9nILiMixg4=

object.assign@^4.1.0:
  version "4.1.0"
  resolved "https://npm.corp.kuaishou.com/object.assign/-/object.assign-4.1.0.tgz#968bf1100d7956bb3ca086f006f846b3bc4008da"
  integrity sha1-lovxEA15Vrs8oIbwBvhGs7xACNo=
  dependencies:
    define-properties "^1.1.2"
    function-bind "^1.1.1"
    has-symbols "^1.0.0"
    object-keys "^1.0.11"

pify@^4.0.1:
  version "4.0.1"
  resolved "https://npm.corp.kuaishou.com/pify/-/pify-4.0.1.tgz#4b2cd25c50d598735c50292224fd8c6df41e3231"
  integrity sha1-SyzSXFDVmHNcUCkiJP2MbfQeMjE=

postcss-modules-extract-imports@^2.0.0:
  version "2.0.0"
  resolved "https://npm.corp.kuaishou.com/postcss-modules-extract-imports/-/postcss-modules-extract-imports-2.0.0.tgz#818719a1ae1da325f9832446b01136eeb493cd7e"
  integrity sha1-gYcZoa4doyX5gyRGsBE27rSTzX4=
  dependencies:
    postcss "^7.0.5"

postcss-modules-local-by-default@^3.0.3:
  version "3.0.3"
  resolved "https://npm.corp.kuaishou.com/postcss-modules-local-by-default/-/postcss-modules-local-by-default-3.0.3.tgz#bb14e0cc78279d504dbdcbfd7e0ca28993ffbbb0"
  integrity sha1-uxTgzHgnnVBNvcv9fgyiiZP/u7A=
  dependencies:
    icss-utils "^4.1.1"
    postcss "^7.0.32"
    postcss-selector-parser "^6.0.2"
    postcss-value-parser "^4.1.0"

postcss-modules-scope@^2.2.0:
  version "2.2.0"
  resolved "https://npm.corp.kuaishou.com/postcss-modules-scope/-/postcss-modules-scope-2.2.0.tgz#385cae013cc7743f5a7d7602d1073a89eaae62ee"
  integrity sha1-OFyuATzHdD9afXYC0Qc6iequYu4=
  dependencies:
    postcss "^7.0.6"
    postcss-selector-parser "^6.0.0"

postcss-modules-values@^3.0.0:
  version "3.0.0"
  resolved "https://npm.corp.kuaishou.com/postcss-modules-values/-/postcss-modules-values-3.0.0.tgz#5b5000d6ebae29b4255301b4a3a54574423e7f10"
  integrity sha1-W1AA1uuuKbQlUwG0o6VFdEI+fxA=
  dependencies:
    icss-utils "^4.0.0"
    postcss "^7.0.6"

postcss-selector-parser@^6.0.0, postcss-selector-parser@^6.0.2:
  version "6.0.2"
  resolved "https://npm.corp.kuaishou.com/postcss-selector-parser/-/postcss-selector-parser-6.0.2.tgz#934cf799d016c83411859e09dcecade01286ec5c"
  integrity sha1-k0z3mdAWyDQRhZ4J3Oyt4BKG7Fw=
  dependencies:
    cssesc "^3.0.0"
    indexes-of "^1.0.1"
    uniq "^1.0.1"

postcss-value-parser@^4.1.0:
  version "4.1.0"
  resolved "https://npm.corp.kuaishou.com/postcss-value-parser/-/postcss-value-parser-4.1.0.tgz#443f6a20ced6481a2bda4fa8532a6e55d789a2cb"
  integrity sha1-RD9qIM7WSBor2k+oUypuVdeJoss=

postcss@^7.0.14, postcss@^7.0.32, postcss@^7.0.5, postcss@^7.0.6:
  version "7.0.32"
  resolved "https://npm.corp.kuaishou.com/postcss/-/postcss-7.0.32.tgz#4310d6ee347053da3433db2be492883d62cec59d"
  integrity sha1-QxDW7jRwU9o0M9sr5JKIPWLOxZ0=
  dependencies:
    chalk "^2.4.2"
    source-map "^0.6.1"
    supports-color "^6.1.0"

prr@~1.0.1:
  version "1.0.1"
  resolved "https://npm.corp.kuaishou.com/prr/-/prr-1.0.1.tgz#d3fc114ba06995a45ec6893f484ceb1d78f5f476"
  integrity sha1-0/wRS6BplaRexok/SEzrHXj19HY=

punycode@^2.1.0:
  version "2.1.1"
  resolved "https://npm.corp.kuaishou.com/punycode/-/punycode-2.1.1.tgz#b58b010ac40c22c5657616c8d2c2c02c7bf479ec"
  integrity sha1-tYsBCsQMIsVldhbI0sLALHv0eew=

schema-utils@^2.6.6, schema-utils@^2.7.0:
  version "2.7.0"
  resolved "https://npm.corp.kuaishou.com/schema-utils/-/schema-utils-2.7.0.tgz#17151f76d8eae67fbbf77960c33c676ad9f4efc7"
  integrity sha1-FxUfdtjq5n+793lgwzxnatn078c=
  dependencies:
    "@types/json-schema" "^7.0.4"
    ajv "^6.12.2"
    ajv-keywords "^3.4.1"

semver@^5.6.0:
  version "5.7.1"
  resolved "https://npm.corp.kuaishou.com/semver/-/semver-5.7.1.tgz#a954f931aeba508d307bbf069eff0c01c96116f7"
  integrity sha1-qVT5Ma66UI0we78Gnv8MAclhFvc=

semver@^7.3.2:
  version "7.3.2"
  resolved "https://npm.corp.kuaishou.com/semver/-/semver-7.3.2.tgz#604962b052b81ed0786aae84389ffba70ffd3938"
  integrity sha1-YElisFK4HtB4aq6EOJ/7pw/9OTg=

source-map@^0.6.0, source-map@^0.6.1, source-map@~0.6.0:
  version "0.6.1"
  resolved "https://npm.corp.kuaishou.com/source-map/-/source-map-0.6.1.tgz#74722af32e9614e9c287a8d0bbde48b5e2f1a263"
  integrity sha1-dHIq8y6WFOnCh6jQu95IteLxomM=

source-map@^0.7.3:
  version "0.7.3"
  resolved "https://npm.corp.kuaishou.com/source-map/-/source-map-0.7.3.tgz#5302f8169031735226544092e64981f751750383"
  integrity sha1-UwL4FpAxc1ImVECS5kmB91F1A4M=

string.prototype.trimend@^1.0.1:
  version "1.0.1"
  resolved "https://npm.corp.kuaishou.com/string.prototype.trimend/-/string.prototype.trimend-1.0.1.tgz#85812a6b847ac002270f5808146064c995fb6913"
  integrity sha1-hYEqa4R6wAInD1gIFGBkyZX7aRM=
  dependencies:
    define-properties "^1.1.3"
    es-abstract "^1.17.5"

string.prototype.trimstart@^1.0.1:
  version "1.0.1"
  resolved "https://npm.corp.kuaishou.com/string.prototype.trimstart/-/string.prototype.trimstart-1.0.1.tgz#14af6d9f34b053f7cfc89b72f8f2ee14b9039a54"
  integrity sha1-FK9tnzSwU/fPyJty+PLuFLkDmlQ=
  dependencies:
    define-properties "^1.1.3"
    es-abstract "^1.17.5"

style-loader@^1.2.1:
  version "1.2.1"
  resolved "https://npm.corp.kuaishou.com/style-loader/-/style-loader-1.2.1.tgz#c5cbbfbf1170d076cfdd86e0109c5bba114baa1a"
  integrity sha1-xcu/vxFw0HbP3YbgEJxbuhFLqho=
  dependencies:
    loader-utils "^2.0.0"
    schema-utils "^2.6.6"

supports-color@^5.3.0:
  version "5.5.0"
  resolved "https://npm.corp.kuaishou.com/supports-color/-/supports-color-5.5.0.tgz#e2e69a44ac8772f78a1ec0b35b689df6530efc8f"
  integrity sha1-4uaaRKyHcveKHsCzW2id9lMO/I8=
  dependencies:
    has-flag "^3.0.0"

supports-color@^6.1.0:
  version "6.1.0"
  resolved "https://npm.corp.kuaishou.com/supports-color/-/supports-color-6.1.0.tgz#0764abc69c63d5ac842dd4867e8d025e880df8f3"
  integrity sha1-B2Srxpxj1ayELdSGfo0CXogN+PM=
  dependencies:
    has-flag "^3.0.0"

supports-color@^7.1.0:
  version "7.1.0"
  resolved "https://npm.corp.kuaishou.com/supports-color/-/supports-color-7.1.0.tgz#68e32591df73e25ad1c4b49108a2ec507962bfd1"
  integrity sha1-aOMlkd9z4lrRxLSRCKLsUHliv9E=
  dependencies:
    has-flag "^4.0.0"

tslib@^1.10.0:
  version "1.13.0"
  resolved "https://npm.corp.kuaishou.com/tslib/-/tslib-1.13.0.tgz#c881e13cc7015894ed914862d276436fa9a47043"
  integrity sha1-yIHhPMcBWJTtkUhi0nZDb6mkcEM=

uniq@^1.0.1:
  version "1.0.1"
  resolved "https://npm.corp.kuaishou.com/uniq/-/uniq-1.0.1.tgz#b31c5ae8254844a3a8281541ce2b04b865a734ff"
  integrity sha1-sxxa6CVIRKOoKBVBzisEuGWnNP8=

uri-js@^4.2.2:
  version "4.2.2"
  resolved "https://npm.corp.kuaishou.com/uri-js/-/uri-js-4.2.2.tgz#94c540e1ff772956e2299507c010aea6c8838eb0"
  integrity sha1-lMVA4f93KVbiKZUHwBCupsiDjrA=
  dependencies:
    punycode "^2.1.0"

vue-loader@^16.0.0-beta.4:
  version "16.0.0-beta.4"
  resolved "https://npm.corp.kuaishou.com/vue-loader/-/vue-loader-16.0.0-beta.4.tgz#1d9d7894f430992096727c4414bcf3b1ae8c1be9"
  integrity sha1-HZ14lPQwmSCWcnxEFLzzsa6MG+k=
  dependencies:
    "@types/mini-css-extract-plugin" "^0.9.1"
    chalk "^3.0.0"
    hash-sum "^2.0.0"
    loader-utils "^1.2.3"
    merge-source-map "^1.1.0"
    source-map "^0.6.1"

vue@^2.6.12:
  version "2.6.12"
  resolved "https://npm.corp.kuaishou.com/vue/-/vue-2.6.12.tgz#f5ebd4fa6bd2869403e29a896aed4904456c9123"
  integrity sha1-9evU+mvShpQD4pqJau1JBEVskSM=
