{
  "name": "cli-branch",
  "version": "1.0.0",
  "lockfileVersion": 1,
  "requires": true,
  "dependencies": {
    "ansi-styles": {
      "version": "3.2.1",
      "resolved": "https://npm.corp.kuaishou.com/ansi-styles/-/ansi-styles-3.2.1.tgz",
      "integrity": "sha1-QfuyAkPlCxK+DwS43tvwdSDOhB0=",
      "requires": {
        "color-convert": "^1.9.0"
      }
    },
    "chalk": {
      "version": "2.4.2",
      "resolved": "https://npm.corp.kuaishou.com/chalk/-/chalk-2.4.2.tgz",
      "integrity": "sha1-zUJUFnelQzPPVBpJEIwUMrRMlCQ=",
      "requires": {
        "ansi-styles": "^3.2.1",
        "escape-string-regexp": "^1.0.5",
        "supports-color": "^5.3.0"
      }
    },
    "color-convert": {
      "version": "1.9.3",
      "resolved": "https://npm.corp.kuaishou.com/color-convert/-/color-convert-1.9.3.tgz",
      "integrity": "sha1-u3GFBpDh8TZWfeYp0tVHHe2kweg=",
      "requires": {
        "color-name": "1.1.3"
      }
    },
    "color-name": {
      "version": "1.1.3",
      "resolved": "https://npm.corp.kuaishou.com/color-name/-/color-name-1.1.3.tgz",
      "integrity": "sha1-p9BVi9icQveV3UIyj3QIMcpTvCU="
    },
    "debug": {
      "version": "4.1.1",
      "resolved": "https://npm.corp.kuaishou.com/debug/-/debug-4.1.1.tgz",
      "integrity": "sha1-O3ImAlUQnGtYnO4FDx1RYTlmR5E=",
      "requires": {
        "ms": "^2.1.1"
      }
    },
    "escape-string-regexp": {
      "version": "1.0.5",
      "resolved": "https://npm.corp.kuaishou.com/escape-string-regexp/-/escape-string-regexp-1.0.5.tgz",
      "integrity": "sha1-G2HAViGQqN/2rjuyzwIAyhMLhtQ="
    },
    "has-flag": {
      "version": "3.0.0",
      "resolved": "https://npm.corp.kuaishou.com/has-flag/-/has-flag-3.0.0.tgz",
      "integrity": "sha1-tdRU3CGZriJWmfNGfloH87lVuv0="
    },
    "is-wsl": {
      "version": "1.1.0",
      "resolved": "https://npm.corp.kuaishou.com/is-wsl/-/is-wsl-1.1.0.tgz",
      "integrity": "sha1-HxbkqiKwTRM2tmGIpmrzxgDDpm0="
    },
    "kleur": {
      "version": "3.0.3",
      "resolved": "https://npm.corp.kuaishou.com/kleur/-/kleur-3.0.3.tgz",
      "integrity": "sha1-p5yezIbuHOP6YgbRIWxQHxR/wH4="
    },
    "ms": {
      "version": "2.1.2",
      "resolved": "https://npm.corp.kuaishou.com/ms/-/ms-2.1.2.tgz",
      "integrity": "sha1-0J0fNXtEP0kzgqjrPM0YOHKuYAk="
    },
    "open": {
      "version": "6.4.0",
      "resolved": "https://npm.corp.kuaishou.com/open/-/open-6.4.0.tgz",
      "integrity": "sha1-XBPpbQ3IlGhhZPGJZez+iJ7PyKk=",
      "requires": {
        "is-wsl": "^1.1.0"
      }
    },
    "prompts": {
      "version": "2.2.1",
      "resolved": "https://npm.corp.kuaishou.com/prompts/-/prompts-2.2.1.tgz",
      "integrity": "sha1-+QHdKi3+4IA1nA4gBZskGI11rTU=",
      "requires": {
        "kleur": "^3.0.3",
        "sisteransi": "^1.0.3"
      }
    },
    "simple-git": {
      "version": "1.126.0",
      "resolved": "https://npm.corp.kuaishou.com/simple-git/-/simple-git-1.126.0.tgz",
      "integrity": "sha1-DDRTcidROchDO4J39LPhVQkqpDQ=",
      "requires": {
        "debug": "^4.0.1"
      }
    },
    "sisteransi": {
      "version": "1.0.3",
      "resolved": "https://npm.corp.kuaishou.com/sisteransi/-/sisteransi-1.0.3.tgz",
      "integrity": "sha1-mBaNYreeOl51jieuY8SgU9dI9Os="
    },
    "supports-color": {
      "version": "5.5.0",
      "resolved": "https://npm.corp.kuaishou.com/supports-color/-/supports-color-5.5.0.tgz",
      "integrity": "sha1-4uaaRKyHcveKHsCzW2id9lMO/I8=",
      "requires": {
        "has-flag": "^3.0.0"
      }
    }
  }
}
